
Microsoft Visual Studio Solution File, Format Version 12.00
# Visual Studio Version 16
VisualStudioVersion = 16.0.29728.190
MinimumVisualStudioVersion = 10.0.40219.1
Project("{9A19103F-16F7-4668-BE54-9A1E7A4F7556}") = "AddLastMatch", "AddLastMatch\AddLastMatch.csproj", "{C77C4289-F887-4E3A-A3A2-30F0A65FF472}"
EndProject
Project("{FAE04EC0-301F-11D3-BF4B-00C04F79EFBC}") = "AddLastMatch002", "AddLastMatch002\AddLastMatch002.csproj", "{B527FBE9-5B65-4B4D-BA11-657CC8BAB9CF}"
EndProject
Project("{FAE04EC0-301F-11D3-BF4B-00C04F79EFBC}") = "AddLastMatch003", "AddLastMatch003\AddLastMatch003.csproj", "{55FCE164-AB83-4E47-8E52-426DAA5EB721}"
EndProject
Global
	GlobalSection(SolutionConfigurationPlatforms) = preSolution
		Debug|Any CPU = Debug|Any CPU
		Release|Any CPU = Release|Any CPU
	EndGlobalSection
	GlobalSection(ProjectConfigurationPlatforms) = postSolution
		{C77C4289-F887-4E3A-A3A2-30F0A65FF472}.Debug|Any CPU.ActiveCfg = Debug|Any CPU
		{C77C4289-F887-4E3A-A3A2-30F0A65FF472}.Debug|Any CPU.Build.0 = Debug|Any CPU
		{C77C4289-F887-4E3A-A3A2-30F0A65FF472}.Release|Any CPU.ActiveCfg = Release|Any CPU
		{C77C4289-F887-4E3A-A3A2-30F0A65FF472}.Release|Any CPU.Build.0 = Release|Any CPU
		{B527FBE9-5B65-4B4D-BA11-657CC8BAB9CF}.Debug|Any CPU.ActiveCfg = Debug|Any CPU
		{B527FBE9-5B65-4B4D-BA11-657CC8BAB9CF}.Debug|Any CPU.Build.0 = Debug|Any CPU
		{B527FBE9-5B65-4B4D-BA11-657CC8BAB9CF}.Release|Any CPU.ActiveCfg = Release|Any CPU
		{B527FBE9-5B65-4B4D-BA11-657CC8BAB9CF}.Release|Any CPU.Build.0 = Release|Any CPU
		{55FCE164-AB83-4E47-8E52-426DAA5EB721}.Debug|Any CPU.ActiveCfg = Debug|Any CPU
		{55FCE164-AB83-4E47-8E52-426DAA5EB721}.Debug|Any CPU.Build.0 = Debug|Any CPU
		{55FCE164-AB83-4E47-8E52-426DAA5EB721}.Release|Any CPU.ActiveCfg = Release|Any CPU
		{55FCE164-AB83-4E47-8E52-426DAA5EB721}.Release|Any CPU.Build.0 = Release|Any CPU
	EndGlobalSection
	GlobalSection(SolutionProperties) = preSolution
		HideSolutionNode = FALSE
	EndGlobalSection
	GlobalSection(ExtensibilityGlobals) = postSolution
		SolutionGuid = {A7F25CD5-9C97-4F7B-83BD-257C892A01B7}
	EndGlobalSection
EndGlobal
